
Microsoft Visual Studio Solution File, Format Version 12.00
# Visual Studio Version 17
VisualStudioVersion = 17.9.34622.214
MinimumVisualStudioVersion = 10.0.40219.1
Project("{FAE04EC0-301F-11D3-BF4B-00C04F79EFBC}") = "NorthwindBackend", "NorthwindBackend\NorthwindBackend.csproj", "{4543AB76-717F-4DF3-80F5-A466FD7DDB19}"
EndProject
Global
	GlobalSection(SolutionConfigurationPlatforms) = preSolution
		Debug|Any CPU = Debug|Any CPU
		Release|Any CPU = Release|Any CPU
	EndGlobalSection
	GlobalSection(ProjectConfigurationPlatforms) = postSolution
		{4543AB76-717F-4DF3-80F5-A466FD7DDB19}.Debug|Any CPU.ActiveCfg = Debug|Any CPU
		{4543AB76-717F-4DF3-80F5-A466FD7DDB19}.Debug|Any CPU.Build.0 = Debug|Any CPU
		{4543AB76-717F-4DF3-80F5-A466FD7DDB19}.Release|Any CPU.ActiveCfg = Release|Any CPU
		{4543AB76-717F-4DF3-80F5-A466FD7DDB19}.Release|Any CPU.Build.0 = Release|Any CPU
	EndGlobalSection
	GlobalSection(SolutionProperties) = preSolution
		HideSolutionNode = FALSE
	EndGlobalSection
	GlobalSection(ExtensibilityGlobals) = postSolution
		SolutionGuid = {DE9C1681-E791-40D1-90E4-DC7FF070FFE7}
	EndGlobalSection
EndGlobal
